
Microsoft Visual Studio Solution File, Format Version 12.00
# Visual Studio 2013
VisualStudioVersion = 12.0.31101.0
MinimumVisualStudioVersion = 10.0.40219.1
Project("{FAE04EC0-301F-11D3-BF4B-00C04F79EFBC}") = "Server", "ConsoleApplication5\Server.csproj", "{3ABBC6DC-868B-49D8-B969-4AA996994FA6}"
EndProject
Project("{FAE04EC0-301F-11D3-BF4B-00C04F79EFBC}") = "Client", "ConsoleApplication1\Client.csproj", "{B4719A73-C995-41AD-854B-BAC9D186F0E1}"
EndProject
Project("{FAE04EC0-301F-11D3-BF4B-00C04F79EFBC}") = "ConsoleApplication", "ConsoleApplication2\ConsoleApplication.csproj", "{A76A37B5-F3ED-4358-8CFE-E8B86300ECB5}"
EndProject
Global
	GlobalSection(SolutionConfigurationPlatforms) = preSolution
		Debug|Any CPU = Debug|Any CPU
		Release|Any CPU = Release|Any CPU
	EndGlobalSection
	GlobalSection(ProjectConfigurationPlatforms) = postSolution
		{3ABBC6DC-868B-49D8-B969-4AA996994FA6}.Debug|Any CPU.ActiveCfg = Debug|Any CPU
		{3ABBC6DC-868B-49D8-B969-4AA996994FA6}.Debug|Any CPU.Build.0 = Debug|Any CPU
		{3ABBC6DC-868B-49D8-B969-4AA996994FA6}.Release|Any CPU.ActiveCfg = Release|Any CPU
		{3ABBC6DC-868B-49D8-B969-4AA996994FA6}.Release|Any CPU.Build.0 = Release|Any CPU
		{B4719A73-C995-41AD-854B-BAC9D186F0E1}.Debug|Any CPU.ActiveCfg = Debug|Any CPU
		{B4719A73-C995-41AD-854B-BAC9D186F0E1}.Debug|Any CPU.Build.0 = Debug|Any CPU
		{B4719A73-C995-41AD-854B-BAC9D186F0E1}.Release|Any CPU.ActiveCfg = Release|Any CPU
		{B4719A73-C995-41AD-854B-BAC9D186F0E1}.Release|Any CPU.Build.0 = Release|Any CPU
		{A76A37B5-F3ED-4358-8CFE-E8B86300ECB5}.Debug|Any CPU.ActiveCfg = Debug|Any CPU
		{A76A37B5-F3ED-4358-8CFE-E8B86300ECB5}.Debug|Any CPU.Build.0 = Debug|Any CPU
		{A76A37B5-F3ED-4358-8CFE-E8B86300ECB5}.Release|Any CPU.ActiveCfg = Release|Any CPU
		{A76A37B5-F3ED-4358-8CFE-E8B86300ECB5}.Release|Any CPU.Build.0 = Release|Any CPU
	EndGlobalSection
	GlobalSection(SolutionProperties) = preSolution
		HideSolutionNode = FALSE
	EndGlobalSection
EndGlobal
